{
  "nodes": {
    "daily-playlist": {
      "flake": false,
      "locked": {
        "lastModified": 1733723790,
        "narHash": "sha256-neUnDPLIm4ybIVI8aLd9i1ynIbVYYSn7//w/vhh9jL8=",
        "owner": "RicoProductions",
        "repo": "daily-playlist",
        "rev": "06cc7a7fb6d7815943aebd8c07fe7d6d84c5b9fa",
        "type": "github"
      },
      "original": {
        "owner": "RicoProductions",
        "repo": "daily-playlist",
        "type": "github"
      }
    },
    "flake-compat": {
      "flake": false,
      "locked": {
        "lastModified": 1733328505,
        "narHash": "sha256-NeCCThCEP3eCl2l/+27kNNK7QrwZB1IJCrXfrbv5oqU=",
        "owner": "edolstra",
        "repo": "flake-compat",
        "rev": "ff81ac966bb2cae68946d5ed5fc4994f96d0ffec",
        "type": "github"
      },
      "original": {
        "owner": "edolstra",
        "repo": "flake-compat",
        "type": "github"
      }
    },
    "home-manager": {
      "inputs": {
        "nixpkgs": [
          "nixpkgs"
        ]
      },
      "locked": {
        "lastModified": 1733484277,
        "narHash": "sha256-i5ay20XsvpW91N4URET/nOc0VQWOAd4c4vbqYtcH8Rc=",
        "owner": "nix-community",
        "repo": "home-manager",
        "rev": "d00c6f6d0ad16d598bf7e2956f52c1d9d5de3c3a",
        "type": "github"
      },
      "original": {
        "owner": "nix-community",
        "repo": "home-manager",
        "type": "github"
      }
    },
    "looking-glass-experimental": {
      "flake": false,
      "locked": {
        "lastModified": 1728953530,
        "narHash": "sha256-DBmCJRlB7KzbWXZqKA0X4VTpe+DhhYG5uoxsblPXVzg=",
        "ref": "refs/heads/master",
        "rev": "e25492a3a36f7e1fde6e3c3014620525a712a64a",
        "revCount": 3389,
        "submodules": true,
        "type": "git",
        "url": "https://github.com/gnif/LookingGlass"
      },
      "original": {
        "submodules": true,
        "type": "git",
        "url": "https://github.com/gnif/LookingGlass"
      }
    },
    "nixpkgs": {
      "locked": {
        "lastModified": 1733581040,
        "narHash": "sha256-Qn3nPMSopRQJgmvHzVqPcE3I03zJyl8cSbgnnltfFDY=",
        "owner": "nixos",
        "repo": "nixpkgs",
        "rev": "22c3f2cf41a0e70184334a958e6b124fb0ce3e01",
        "type": "github"
      },
      "original": {
        "owner": "nixos",
        "ref": "nixos-unstable",
        "repo": "nixpkgs",
        "type": "github"
      }
    },
    "openrgb-experimental": {
      "flake": false,
      "locked": {
        "lastModified": 1733363202,
        "narHash": "sha256-8DcLt20Rsu5UPiq9ebFHObP8hJ1vzFMgYDuygM1nyrQ=",
        "owner": "CalcProgrammer1",
        "repo": "OpenRGB",
        "rev": "48f0084a9fa6864a2273cbd0ca760311ff23db33",
        "type": "gitlab"
      },
      "original": {
        "owner": "CalcProgrammer1",
        "repo": "OpenRGB",
        "type": "gitlab"
      }
    },
    "root": {
      "inputs": {
        "daily-playlist": "daily-playlist",
        "home-manager": "home-manager",
        "looking-glass-experimental": "looking-glass-experimental",
        "nixpkgs": "nixpkgs",
        "openrgb-experimental": "openrgb-experimental",
        "spicetify-nix": "spicetify-nix"
      }
    },
    "spicetify-nix": {
      "inputs": {
        "flake-compat": "flake-compat",
        "nixpkgs": [
          "nixpkgs"
        ]
      },
      "locked": {
        "lastModified": 1733890649,
        "narHash": "sha256-hHh4lrCNK7PSj7pnIu17NPGjfq+cVzgU0Qg8G0FcAaM=",
        "owner": "Gerg-L",
        "repo": "spicetify-nix",
        "rev": "b4389ffe0af645713baf1a16a0fa69bea9c08a34",
        "type": "github"
      },
      "original": {
        "owner": "Gerg-L",
        "repo": "spicetify-nix",
        "type": "github"
      }
    }
  },
  "root": "root",
  "version": 7
}
