{
  "nodes": {
    "home-manager": {
      "inputs": {
        "nixpkgs": [
          "nixpkgs"
        ]
      },
      "locked": {
        "lastModified": 1745593878,
        "narHash": "sha256-Rq5qNnUWuhQTqzXDcminu7Z1FPSB1wUaKIEfPTyZkAs=",
        "owner": "nix-community",
        "repo": "home-manager",
        "rev": "542078066b1a99cdc5d5fce1365f98b847ca0b5a",
        "type": "github"
      },
      "original": {
        "owner": "nix-community",
        "repo": "home-manager",
        "type": "github"
      }
    },
    "looking-glass": {
      "flake": false,
      "locked": {
        "lastModified": 1743722580,
        "narHash": "sha256-3+fIboEtSxXGCJVRDyu85Hq/oJxza3cA7yFGLQJMad4=",
        "owner": "gnif",
        "repo": "LookingGlass",
        "rev": "54d811e09847fcd4a4ad7361c33fd354d703152d",
        "type": "github"
      },
      "original": {
        "owner": "gnif",
        "repo": "LookingGlass",
        "type": "github"
      }
    },
    "moon-fly": {
      "flake": false,
      "locked": {
        "lastModified": 1745567604,
        "narHash": "sha256-9LRE8dwifN8oVzb96+/ZT+30o1YFecKipLkqNsCJ7UY=",
        "owner": "bluz71",
        "repo": "vim-moonfly-colors",
        "rev": "cc4ad7e8bdb94723dc4e5356916b9c4a4ed1892b",
        "type": "github"
      },
      "original": {
        "owner": "bluz71",
        "repo": "vim-moonfly-colors",
        "type": "github"
      }
    },
    "nixpkgs": {
      "locked": {
        "lastModified": 1745391562,
        "narHash": "sha256-sPwcCYuiEopaafePqlG826tBhctuJsLx/mhKKM5Fmjo=",
        "owner": "nixos",
        "repo": "nixpkgs",
        "rev": "8a2f738d9d1f1d986b5a4cd2fd2061a7127237d7",
        "type": "github"
      },
      "original": {
        "owner": "nixos",
        "ref": "nixos-unstable",
        "repo": "nixpkgs",
        "type": "github"
      }
    },
    "openrgb": {
      "flake": false,
      "locked": {
        "lastModified": 1745413654,
        "narHash": "sha256-jM0zHSe/r15bvU/TbL7X2MWRQ8cEzf94bsMoje9Z/eQ=",
        "owner": "CalcProgrammer1",
        "repo": "OpenRGB",
        "rev": "90508f7f1bfdee44756ecc2d307a0fe3ae7a6912",
        "type": "gitlab"
      },
      "original": {
        "owner": "CalcProgrammer1",
        "repo": "OpenRGB",
        "type": "gitlab"
      }
    },
    "openrgb-effects-plugin": {
      "flake": false,
      "locked": {
        "lastModified": 1741333861,
        "narHash": "sha256-mohGjdARRRcCYDo/D46WSXCl0APej558DhWqRqe0m2w=",
        "ref": "refs/heads/master",
        "rev": "9234e358b20ad83d3249ad13a8765fc192a965f5",
        "revCount": 785,
        "submodules": true,
        "type": "git",
        "url": "https://gitlab.com/OpenRGBDevelopers/OpenRGBEffectsPlugin"
      },
      "original": {
        "submodules": true,
        "type": "git",
        "url": "https://gitlab.com/OpenRGBDevelopers/OpenRGBEffectsPlugin"
      }
    },
    "root": {
      "inputs": {
        "home-manager": "home-manager",
        "looking-glass": "looking-glass",
        "moon-fly": "moon-fly",
        "nixpkgs": "nixpkgs",
        "openrgb": "openrgb",
        "openrgb-effects-plugin": "openrgb-effects-plugin",
        "spicetify-nix": "spicetify-nix",
        "spotify-manager": "spotify-manager",
        "zen-browser": "zen-browser"
      }
    },
    "spicetify-nix": {
      "inputs": {
        "nixpkgs": [
          "nixpkgs"
        ],
        "systems": "systems"
      },
      "locked": {
        "lastModified": 1745151211,
        "narHash": "sha256-qFXfTdO1yvW6DmUPfVLIJgDHfkSd5yimZWvBMrlP/ow=",
        "owner": "Gerg-L",
        "repo": "spicetify-nix",
        "rev": "1dd4328f82115887901a685ecd9fa6e1d1db2d0c",
        "type": "github"
      },
      "original": {
        "owner": "Gerg-L",
        "repo": "spicetify-nix",
        "type": "github"
      }
    },
    "spotify-manager": {
      "inputs": {
        "nixpkgs": [
          "nixpkgs"
        ]
      },
      "locked": {
        "lastModified": 1745483379,
        "narHash": "sha256-iuMQN643clb/NqHLQeXq3nZ666IL4BPWDsb8Bco+8g8=",
        "owner": "aquanovae",
        "repo": "spotify-manager",
        "rev": "3c4932786da9213d89fab006e1147063caddba7d",
        "type": "github"
      },
      "original": {
        "owner": "aquanovae",
        "repo": "spotify-manager",
        "type": "github"
      }
    },
    "systems": {
      "locked": {
        "lastModified": 1681028828,
        "narHash": "sha256-Vy1rq5AaRuLzOxct8nz4T6wlgyUR7zLU309k9mBC768=",
        "owner": "nix-systems",
        "repo": "default",
        "rev": "da67096a3b9bf56a91d16901293e51ba5b49a27e",
        "type": "github"
      },
      "original": {
        "owner": "nix-systems",
        "repo": "default",
        "type": "github"
      }
    },
    "zen-browser": {
      "flake": false,
      "locked": {
        "narHash": "sha256-GMje7G9ngvEpd2e/nS7S1viv0xfxQvYJi/vhv8ph7lk=",
        "type": "file",
        "url": "https://github.com/zen-browser/desktop/releases/download/twilight/zen-x86_64.AppImage"
      },
      "original": {
        "type": "file",
        "url": "https://github.com/zen-browser/desktop/releases/download/twilight/zen-x86_64.AppImage"
      }
    }
  },
  "root": "root",
  "version": 7
}
