{
  "nodes": {
    "home-manager": {
      "inputs": {
        "nixpkgs": [
          "nixpkgs"
        ]
      },
      "locked": {
        "lastModified": 1725703823,
        "narHash": "sha256-tDgM4d8mLK0Hd6YMB2w1BqMto1XBXADOzPEaLl10VI4=",
        "owner": "nix-community",
        "repo": "home-manager",
        "rev": "208df2e558b73b6a1f0faec98493cb59a25f62ba",
        "type": "github"
      },
      "original": {
        "owner": "nix-community",
        "ref": "release-24.05",
        "repo": "home-manager",
        "type": "github"
      }
    },
    "nixpkgs": {
      "locked": {
        "lastModified": 1725693463,
        "narHash": "sha256-ZPzhebbWBOr0zRWW10FfqfbJlan3G96/h3uqhiFqmwg=",
        "owner": "nixos",
        "repo": "nixpkgs",
        "rev": "68e7dce0a6532e876980764167ad158174402c6f",
        "type": "github"
      },
      "original": {
        "owner": "nixos",
        "ref": "nixos-24.05",
        "repo": "nixpkgs",
        "type": "github"
      }
    },
    "openrgb-experimental": {
      "flake": false,
      "locked": {
        "lastModified": 1725754464,
        "narHash": "sha256-NHI576eeekZwpnDAENAYBGA54kWplPIHtcGceglXZMU=",
        "owner": "CalcProgrammer1",
        "repo": "OpenRGB",
        "rev": "cc21027db2745a096175a88fd9fb5afc2adab6aa",
        "type": "gitlab"
      },
      "original": {
        "owner": "CalcProgrammer1",
        "repo": "OpenRGB",
        "type": "gitlab"
      }
    },
    "ricos": {
      "flake": false,
      "locked": {
        "lastModified": 1725820801,
        "narHash": "sha256-vVGUhTsxZA+rtj9eoLsH3BxSrHTd4XNf5oAJZfzLBWA=",
        "owner": "RicoProductions",
        "repo": "ricos",
        "rev": "c8d6b9cb12153130f19906995213e41d62a4da13",
        "type": "github"
      },
      "original": {
        "owner": "RicoProductions",
        "repo": "ricos",
        "type": "github"
      }
    },
    "root": {
      "inputs": {
        "home-manager": "home-manager",
        "nixpkgs": "nixpkgs",
        "openrgb-experimental": "openrgb-experimental",
        "ricos": "ricos"
      }
    }
  },
  "root": "root",
  "version": 7
}
